
Microsoft Visual Studio Solution File, Format Version 12.00
# Visual Studio 14
VisualStudioVersion = 14.0.24720.0
MinimumVisualStudioVersion = 10.0.40219.1
Project("{FAE04EC0-301F-11D3-BF4B-00C04F79EFBC}") = "PreProcessor", "PreProcessor\PreProcessor.csproj", "{91B033D7-F5BA-4BF0-807F-4E0AF59F5E4B}"
EndProject
Project("{FAE04EC0-301F-11D3-BF4B-00C04F79EFBC}") = "NetCollector", "NetCollector\NetCollector.csproj", "{550F0AA0-46CD-4B15-BC9E-6A3DF71FC550}"
EndProject
Project("{2150E333-8FDC-42A3-9474-1A3956D46DE8}") = "Common", "Common", "{A5E743EA-9190-4B14-A351-050D69BB9BC1}"
EndProject
Project("{FAE04EC0-301F-11D3-BF4B-00C04F79EFBC}") = "CommonHelper", "CommonHelper\CommonHelper.csproj", "{874A4F6A-1FD6-4CC0-AE9D-360B314FA8A1}"
EndProject
Project("{FAE04EC0-301F-11D3-BF4B-00C04F79EFBC}") = "SQLBulkCopy", "SQLBulkCopy\SQLBulkCopy.csproj", "{47D63BF4-C908-4EA5-9DAE-099D424E56B8}"
EndProject
Project("{2150E333-8FDC-42A3-9474-1A3956D46DE8}") = "Utils", "Utils", "{CC6E8E14-66AD-4AAC-A838-4A292EC44527}"
EndProject
Project("{2150E333-8FDC-42A3-9474-1A3956D46DE8}") = "Web", "Web", "{0009A813-A720-4577-825B-AB953AF028A6}"
EndProject
Project("{FAE04EC0-301F-11D3-BF4B-00C04F79EFBC}") = "WebPortal", "WebPortal\WebPortal\WebPortal.csproj", "{177719EF-2448-461B-98E2-0C2E283312D3}"
EndProject
Project("{FAE04EC0-301F-11D3-BF4B-00C04F79EFBC}") = "L4S.Entities", "L4S.Entities\L4S.Entities.csproj", "{B522EEC6-641E-40A8-9418-F18C21B281D9}"
EndProject
Global
	GlobalSection(SolutionConfigurationPlatforms) = preSolution
		Debug|Any CPU = Debug|Any CPU
		Release|Any CPU = Release|Any CPU
	EndGlobalSection
	GlobalSection(ProjectConfigurationPlatforms) = postSolution
		{91B033D7-F5BA-4BF0-807F-4E0AF59F5E4B}.Debug|Any CPU.ActiveCfg = Debug|Any CPU
		{91B033D7-F5BA-4BF0-807F-4E0AF59F5E4B}.Debug|Any CPU.Build.0 = Debug|Any CPU
		{91B033D7-F5BA-4BF0-807F-4E0AF59F5E4B}.Release|Any CPU.ActiveCfg = Release|Any CPU
		{91B033D7-F5BA-4BF0-807F-4E0AF59F5E4B}.Release|Any CPU.Build.0 = Release|Any CPU
		{550F0AA0-46CD-4B15-BC9E-6A3DF71FC550}.Debug|Any CPU.ActiveCfg = Debug|Any CPU
		{550F0AA0-46CD-4B15-BC9E-6A3DF71FC550}.Debug|Any CPU.Build.0 = Debug|Any CPU
		{550F0AA0-46CD-4B15-BC9E-6A3DF71FC550}.Release|Any CPU.ActiveCfg = Release|Any CPU
		{550F0AA0-46CD-4B15-BC9E-6A3DF71FC550}.Release|Any CPU.Build.0 = Release|Any CPU
		{874A4F6A-1FD6-4CC0-AE9D-360B314FA8A1}.Debug|Any CPU.ActiveCfg = Debug|Any CPU
		{874A4F6A-1FD6-4CC0-AE9D-360B314FA8A1}.Debug|Any CPU.Build.0 = Debug|Any CPU
		{874A4F6A-1FD6-4CC0-AE9D-360B314FA8A1}.Release|Any CPU.ActiveCfg = Release|Any CPU
		{874A4F6A-1FD6-4CC0-AE9D-360B314FA8A1}.Release|Any CPU.Build.0 = Release|Any CPU
		{47D63BF4-C908-4EA5-9DAE-099D424E56B8}.Debug|Any CPU.ActiveCfg = Debug|Any CPU
		{47D63BF4-C908-4EA5-9DAE-099D424E56B8}.Debug|Any CPU.Build.0 = Debug|Any CPU
		{47D63BF4-C908-4EA5-9DAE-099D424E56B8}.Release|Any CPU.ActiveCfg = Release|Any CPU
		{47D63BF4-C908-4EA5-9DAE-099D424E56B8}.Release|Any CPU.Build.0 = Release|Any CPU
		{177719EF-2448-461B-98E2-0C2E283312D3}.Debug|Any CPU.ActiveCfg = Debug|Any CPU
		{177719EF-2448-461B-98E2-0C2E283312D3}.Debug|Any CPU.Build.0 = Debug|Any CPU
		{177719EF-2448-461B-98E2-0C2E283312D3}.Release|Any CPU.ActiveCfg = Release|Any CPU
		{177719EF-2448-461B-98E2-0C2E283312D3}.Release|Any CPU.Build.0 = Release|Any CPU
		{B522EEC6-641E-40A8-9418-F18C21B281D9}.Debug|Any CPU.ActiveCfg = Debug|Any CPU
		{B522EEC6-641E-40A8-9418-F18C21B281D9}.Debug|Any CPU.Build.0 = Debug|Any CPU
		{B522EEC6-641E-40A8-9418-F18C21B281D9}.Release|Any CPU.ActiveCfg = Release|Any CPU
		{B522EEC6-641E-40A8-9418-F18C21B281D9}.Release|Any CPU.Build.0 = Release|Any CPU
	EndGlobalSection
	GlobalSection(SolutionProperties) = preSolution
		HideSolutionNode = FALSE
	EndGlobalSection
	GlobalSection(NestedProjects) = preSolution
		{91B033D7-F5BA-4BF0-807F-4E0AF59F5E4B} = {CC6E8E14-66AD-4AAC-A838-4A292EC44527}
		{550F0AA0-46CD-4B15-BC9E-6A3DF71FC550} = {CC6E8E14-66AD-4AAC-A838-4A292EC44527}
		{874A4F6A-1FD6-4CC0-AE9D-360B314FA8A1} = {A5E743EA-9190-4B14-A351-050D69BB9BC1}
		{47D63BF4-C908-4EA5-9DAE-099D424E56B8} = {CC6E8E14-66AD-4AAC-A838-4A292EC44527}
		{177719EF-2448-461B-98E2-0C2E283312D3} = {0009A813-A720-4577-825B-AB953AF028A6}
	EndGlobalSection
EndGlobal
